
Microsoft Visual Studio Solution File, Format Version 12.00
# Visual Studio Version 16
VisualStudioVersion = 16.0.30804.86
MinimumVisualStudioVersion = 10.0.40219.1
Project("{FAE04EC0-301F-11D3-BF4B-00C04F79EFBC}") = "hospital", "hospital\hospital.csproj", "{5C5FCD6B-D243-46A0-A0CF-60AD814AD7F2}"
EndProject
Global
	GlobalSection(SolutionConfigurationPlatforms) = preSolution
		Debug|Any CPU = Debug|Any CPU
		Release|Any CPU = Release|Any CPU
	EndGlobalSection
	GlobalSection(ProjectConfigurationPlatforms) = postSolution
		{5C5FCD6B-D243-46A0-A0CF-60AD814AD7F2}.Debug|Any CPU.ActiveCfg = Debug|Any CPU
		{5C5FCD6B-D243-46A0-A0CF-60AD814AD7F2}.Debug|Any CPU.Build.0 = Debug|Any CPU
		{5C5FCD6B-D243-46A0-A0CF-60AD814AD7F2}.Release|Any CPU.ActiveCfg = Release|Any CPU
		{5C5FCD6B-D243-46A0-A0CF-60AD814AD7F2}.Release|Any CPU.Build.0 = Release|Any CPU
	EndGlobalSection
	GlobalSection(SolutionProperties) = preSolution
		HideSolutionNode = FALSE
	EndGlobalSection
	GlobalSection(ExtensibilityGlobals) = postSolution
		SolutionGuid = {17B1B898-A81B-4A4B-9B52-5548FC34A414}
	EndGlobalSection
EndGlobal
